// !$*UTF8*$!
{
	archiveVersion = 1;
	classes = {
	};
	objectVersion = 56;
	objects = {

/* Begin PBXBuildFile section */
		0E272DC87B601641811133AF /* Pods_NewsCartContentExtension.framework in Frameworks */ = {isa = PBXBuildFile; fileRef = 609FEEAEFCA595C9D8AF4034 /* Pods_NewsCartContentExtension.framework */; };
		780145702A6A6FC300844EBC /* GoogleService-Info.plist in Resources */ = {isa = PBXBuildFile; fileRef = 7801456F2A6A6FC300844EBC /* GoogleService-Info.plist */; };
		780145752A6FC27500844EBC /* EmptyVC.swift in Sources */ = {isa = PBXBuildFile; fileRef = 780145742A6FC27500844EBC /* EmptyVC.swift */; };
		780145782A7122D600844EBC /* CoreDataManager.swift in Sources */ = {isa = PBXBuildFile; fileRef = 780145772A7122D600844EBC /* CoreDataManager.swift */; };
		7801457B2A76A6B300844EBC /* NewsViewControllerExtension.swift in Sources */ = {isa = PBXBuildFile; fileRef = 7801457A2A76A6B300844EBC /* NewsViewControllerExtension.swift */; };
		7801457D2A76A80E00844EBC /* NewsSavedVCExtension.swift in Sources */ = {isa = PBXBuildFile; fileRef = 7801457C2A76A80E00844EBC /* NewsSavedVCExtension.swift */; };
		780145892A7A550E00844EBC /* NewsCartServiceExtension.appex in Embed Foundation Extensions */ = {isa = PBXBuildFile; fileRef = 780145822A7A550D00844EBC /* NewsCartServiceExtension.appex */; settings = {ATTRIBUTES = (RemoveHeadersOnCopy, ); }; };
		7801458F2A7A5CE600844EBC /* NotificationService.swift in Sources */ = {isa = PBXBuildFile; fileRef = 780145842A7A550D00844EBC /* NotificationService.swift */; };
		780145962A7B7B1600844EBC /* UserNotifications.framework in Frameworks */ = {isa = PBXBuildFile; fileRef = 780145952A7B7B1600844EBC /* UserNotifications.framework */; };
		7801459B2A7B7B1600844EBC /* NotificationViewController.swift in Sources */ = {isa = PBXBuildFile; fileRef = 7801459A2A7B7B1600844EBC /* NotificationViewController.swift */; };
		7801459E2A7B7B1600844EBC /* MainInterface.storyboard in Resources */ = {isa = PBXBuildFile; fileRef = 7801459C2A7B7B1600844EBC /* MainInterface.storyboard */; };
		780145A22A7B7B1600844EBC /* NewsCartContentExtension.appex in Embed Foundation Extensions */ = {isa = PBXBuildFile; fileRef = 780145942A7B7B1600844EBC /* NewsCartContentExtension.appex */; settings = {ATTRIBUTES = (RemoveHeadersOnCopy, ); }; };
		7840F56B2AA0ED8C003F4B91 /* SelfHandledCardsViewController.swift in Sources */ = {isa = PBXBuildFile; fileRef = 7840F56A2AA0ED8C003F4B91 /* SelfHandledCardsViewController.swift */; };
		7840F56F2AA0F1E5003F4B91 /* CardsCell.swift in Sources */ = {isa = PBXBuildFile; fileRef = 7840F56E2AA0F1E5003F4B91 /* CardsCell.swift */; };
		7840F5712AA0F931003F4B91 /* FetchSelfHandledCards.swift in Sources */ = {isa = PBXBuildFile; fileRef = 7840F5702AA0F931003F4B91 /* FetchSelfHandledCards.swift */; };
		7840F57A2AA1E7BE003F4B91 /* CardsBasicWithImageCell.swift in Sources */ = {isa = PBXBuildFile; fileRef = 7840F5792AA1E7BE003F4B91 /* CardsBasicWithImageCell.swift */; };
		7840F57C2AA1E7E6003F4B91 /* CardsillustrationCell.swift in Sources */ = {isa = PBXBuildFile; fileRef = 7840F57B2AA1E7E6003F4B91 /* CardsillustrationCell.swift */; };
		7840F57F2AA1F49F003F4B91 /* SelfHandledModel.swift in Sources */ = {isa = PBXBuildFile; fileRef = 7840F57E2AA1F49F003F4B91 /* SelfHandledModel.swift */; };
		7840F5812AA1F8D4003F4B91 /* SelfHandledManager.swift in Sources */ = {isa = PBXBuildFile; fileRef = 7840F5802AA1F8D4003F4B91 /* SelfHandledManager.swift */; };
		7848B4FA2AA5F4A2008613B8 /* FileManagementSDK in Frameworks */ = {isa = PBXBuildFile; productRef = 7848B4F92AA5F4A2008613B8 /* FileManagementSDK */; };
		7848B4FC2AA99EB3008613B8 /* SelfHandledViewModel.swift in Sources */ = {isa = PBXBuildFile; fileRef = 7848B4FB2AA99EB3008613B8 /* SelfHandledViewModel.swift */; };
		787F4EF22A8C7AAB00376F2F /* CoreDataConfiguration.swift in Sources */ = {isa = PBXBuildFile; fileRef = 787F4EF12A8C7AAB00376F2F /* CoreDataConfiguration.swift */; };
		787F4EF42A8DF68900376F2F /* LogManager.swift in Sources */ = {isa = PBXBuildFile; fileRef = 787F4EF32A8DF68900376F2F /* LogManager.swift */; };
		787F4EF62A8F6CF000376F2F /* ImagePropertyModel.swift in Sources */ = {isa = PBXBuildFile; fileRef = 787F4EF52A8F6CF000376F2F /* ImagePropertyModel.swift */; };
		787F4EF82A8F6E7100376F2F /* AlertsManager.swift in Sources */ = {isa = PBXBuildFile; fileRef = 787F4EF72A8F6E7100376F2F /* AlertsManager.swift */; };
		787F4F032A95E15D00376F2F /* UserNotifications.framework in Frameworks */ = {isa = PBXBuildFile; fileRef = 780145952A7B7B1600844EBC /* UserNotifications.framework */; };
		787F4F042A97845A00376F2F /* UserNotifications.framework in Frameworks */ = {isa = PBXBuildFile; fileRef = 780145952A7B7B1600844EBC /* UserNotifications.framework */; };
		787F4F072A978A4300376F2F /* Pods_NewsCart.framework in Frameworks */ = {isa = PBXBuildFile; fileRef = 4B7F41C6B2F7B9F9C59A3581 /* Pods_NewsCart.framework */; };
		787F4F0A2A97979400376F2F /* UserNotificationsUI.framework in Frameworks */ = {isa = PBXBuildFile; fileRef = 780145972A7B7B1600844EBC /* UserNotificationsUI.framework */; };
		787F4F0F2A9B120800376F2F /* FetchInboxMessages.swift in Sources */ = {isa = PBXBuildFile; fileRef = 787F4F0E2A9B120800376F2F /* FetchInboxMessages.swift */; };
		787F4F112A9B663600376F2F /* MoEngageInboxConfiguration.swift in Sources */ = {isa = PBXBuildFile; fileRef = 787F4F102A9B663600376F2F /* MoEngageInboxConfiguration.swift */; };
		787F4F132A9CB25800376F2F /* RequestLocationAuthorization.swift in Sources */ = {isa = PBXBuildFile; fileRef = 787F4F122A9CB25800376F2F /* RequestLocationAuthorization.swift */; };
		787F4F152A9DC7C800376F2F /* NavigatingToScreen.swift in Sources */ = {isa = PBXBuildFile; fileRef = 787F4F142A9DC7C800376F2F /* NavigatingToScreen.swift */; };
		787F4F172A9F42CC00376F2F /* CardsInboxMessages.swift in Sources */ = {isa = PBXBuildFile; fileRef = 787F4F162A9F42CC00376F2F /* CardsInboxMessages.swift */; };
		787F4F1B2AA0A64800376F2F /* InAppViewController.swift in Sources */ = {isa = PBXBuildFile; fileRef = 787F4F1A2AA0A64800376F2F /* InAppViewController.swift */; };
		78817A1F2A7BACA300AC2CA7 /* ActionableNotificationManager.swift in Sources */ = {isa = PBXBuildFile; fileRef = 78817A1E2A7BACA300AC2CA7 /* ActionableNotificationManager.swift */; };
		789267372A6115B400959887 /* AppDelegate.swift in Sources */ = {isa = PBXBuildFile; fileRef = 789267362A6115B400959887 /* AppDelegate.swift */; };
		789267392A6115B400959887 /* SceneDelegate.swift in Sources */ = {isa = PBXBuildFile; fileRef = 789267382A6115B400959887 /* SceneDelegate.swift */; };
		7892673B2A6115B400959887 /* NewsViewController.swift in Sources */ = {isa = PBXBuildFile; fileRef = 7892673A2A6115B400959887 /* NewsViewController.swift */; };
		7892673E2A6115B400959887 /* Main.storyboard in Resources */ = {isa = PBXBuildFile; fileRef = 7892673C2A6115B400959887 /* Main.storyboard */; };
		789267432A6115B600959887 /* Assets.xcassets in Resources */ = {isa = PBXBuildFile; fileRef = 789267422A6115B600959887 /* Assets.xcassets */; };
		789267462A6115B600959887 /* LaunchScreen.storyboard in Resources */ = {isa = PBXBuildFile; fileRef = 789267442A6115B600959887 /* LaunchScreen.storyboard */; };
		789267512A61399F00959887 /* APINewsModel.swift in Sources */ = {isa = PBXBuildFile; fileRef = 789267502A61399F00959887 /* APINewsModel.swift */; };
		789267532A6170D300959887 /* CustomNewsCell.swift in Sources */ = {isa = PBXBuildFile; fileRef = 789267522A6170D300959887 /* CustomNewsCell.swift */; };
		789267552A62F36C00959887 /* APINewsManager.swift in Sources */ = {isa = PBXBuildFile; fileRef = 789267542A62F36C00959887 /* APINewsManager.swift */; };
		789267582A62F47600959887 /* FetchNews.swift in Sources */ = {isa = PBXBuildFile; fileRef = 789267572A62F47600959887 /* FetchNews.swift */; };
		7892675C2A64686A00959887 /* HeaderView.xib in Resources */ = {isa = PBXBuildFile; fileRef = 7892675B2A64686A00959887 /* HeaderView.xib */; };
		7892675E2A64687C00959887 /* HeaderView.swift in Sources */ = {isa = PBXBuildFile; fileRef = 7892675D2A64687C00959887 /* HeaderView.swift */; };
		789267602A6521DF00959887 /* FetchCategoryNews.swift in Sources */ = {isa = PBXBuildFile; fileRef = 7892675F2A6521DF00959887 /* FetchCategoryNews.swift */; };
		78939D762A66497600BDDD23 /* NewsCart.xcdatamodeld in Sources */ = {isa = PBXBuildFile; fileRef = 78939D742A66497600BDDD23 /* NewsCart.xcdatamodeld */; };
		78939D782A666A3D00BDDD23 /* ClickDelegate.swift in Sources */ = {isa = PBXBuildFile; fileRef = 78939D772A666A3D00BDDD23 /* ClickDelegate.swift */; };
		78939D7B2A66707200BDDD23 /* Constants.swift in Sources */ = {isa = PBXBuildFile; fileRef = 78939D7A2A66707200BDDD23 /* Constants.swift */; };
		78939D7F2A66929E00BDDD23 /* NewsSavedVC.swift in Sources */ = {isa = PBXBuildFile; fileRef = 78939D7E2A66929E00BDDD23 /* NewsSavedVC.swift */; };
		78939D812A66F26300BDDD23 /* CustomSavedNewsCell.swift in Sources */ = {isa = PBXBuildFile; fileRef = 78939D802A66F26300BDDD23 /* CustomSavedNewsCell.swift */; };
		78939D832A679E9700BDDD23 /* SavedArticleViewController.swift in Sources */ = {isa = PBXBuildFile; fileRef = 78939D822A679E9700BDDD23 /* SavedArticleViewController.swift */; };
		7899FB592A836C5600814E8F /* DownloadVideoManager.swift in Sources */ = {isa = PBXBuildFile; fileRef = 7899FB582A836C5600814E8F /* DownloadVideoManager.swift */; };
		7899FB5C2A83723C00814E8F /* DownloadVideoManager.swift in Sources */ = {isa = PBXBuildFile; fileRef = 7899FB582A836C5600814E8F /* DownloadVideoManager.swift */; };
		7899FB5E2A83B4E700814E8F /* NotificationViewController.swift in Sources */ = {isa = PBXBuildFile; fileRef = 7801459A2A7B7B1600844EBC /* NotificationViewController.swift */; };
		7899FB742A84D67C00814E8F /* FileSystemManager.swift in Sources */ = {isa = PBXBuildFile; fileRef = 7899FB732A84D67C00814E8F /* FileSystemManager.swift */; };
		7899FB762A84D87800814E8F /* ImageExtension.swift in Sources */ = {isa = PBXBuildFile; fileRef = 7899FB752A84D87800814E8F /* ImageExtension.swift */; };
		CAE5F4F482C37F529F6961C8 /* Pods_NewsCartServiceExtension.framework in Frameworks */ = {isa = PBXBuildFile; fileRef = F33FD93869F2C3AF904A405C /* Pods_NewsCartServiceExtension.framework */; };
/* End PBXBuildFile section */

/* Begin PBXContainerItemProxy section */
		780145872A7A550E00844EBC /* PBXContainerItemProxy */ = {
			isa = PBXContainerItemProxy;
			containerPortal = 7892672B2A6115B300959887 /* Project object */;
			proxyType = 1;
			remoteGlobalIDString = 780145812A7A550D00844EBC;
			remoteInfo = NewsCartServiceExtension;
		};
		780145A02A7B7B1600844EBC /* PBXContainerItemProxy */ = {
			isa = PBXContainerItemProxy;
			containerPortal = 7892672B2A6115B300959887 /* Project object */;
			proxyType = 1;
			remoteGlobalIDString = 780145932A7B7B1600844EBC;
			remoteInfo = NewsCartContentExtension;
		};
/* End PBXContainerItemProxy section */

/* Begin PBXCopyFilesBuildPhase section */
		7801458A2A7A550E00844EBC /* Embed Foundation Extensions */ = {
			isa = PBXCopyFilesBuildPhase;
			buildActionMask = 2147483647;
			dstPath = "";
			dstSubfolderSpec = 13;
			files = (
				780145892A7A550E00844EBC /* NewsCartServiceExtension.appex in Embed Foundation Extensions */,
				780145A22A7B7B1600844EBC /* NewsCartContentExtension.appex in Embed Foundation Extensions */,
			);
			name = "Embed Foundation Extensions";
			runOnlyForDeploymentPostprocessing = 0;
		};
/* End PBXCopyFilesBuildPhase section */

/* Begin PBXFileReference section */
		4B7F41C6B2F7B9F9C59A3581 /* Pods_NewsCart.framework */ = {isa = PBXFileReference; explicitFileType = wrapper.framework; includeInIndex = 0; path = Pods_NewsCart.framework; sourceTree = BUILT_PRODUCTS_DIR; };
		5828CD2090B1013DA4799D3B /* Pods-NewsCartContentExtension.release.xcconfig */ = {isa = PBXFileReference; includeInIndex = 1; lastKnownFileType = text.xcconfig; name = "Pods-NewsCartContentExtension.release.xcconfig"; path = "Target Support Files/Pods-NewsCartContentExtension/Pods-NewsCartContentExtension.release.xcconfig"; sourceTree = "<group>"; };
		609FEEAEFCA595C9D8AF4034 /* Pods_NewsCartContentExtension.framework */ = {isa = PBXFileReference; explicitFileType = wrapper.framework; includeInIndex = 0; path = Pods_NewsCartContentExtension.framework; sourceTree = BUILT_PRODUCTS_DIR; };
		664FE2B6A1047A8D94A08EF1 /* Pods-NewsCart.debug.xcconfig */ = {isa = PBXFileReference; includeInIndex = 1; lastKnownFileType = text.xcconfig; name = "Pods-NewsCart.debug.xcconfig"; path = "Target Support Files/Pods-NewsCart/Pods-NewsCart.debug.xcconfig"; sourceTree = "<group>"; };
		7801456F2A6A6FC300844EBC /* GoogleService-Info.plist */ = {isa = PBXFileReference; fileEncoding = 4; lastKnownFileType = text.plist.xml; path = "GoogleService-Info.plist"; sourceTree = "<group>"; };
		780145712A6A759A00844EBC /* NewsCart.entitlements */ = {isa = PBXFileReference; lastKnownFileType = text.plist.entitlements; path = NewsCart.entitlements; sourceTree = "<group>"; };
		780145742A6FC27500844EBC /* EmptyVC.swift */ = {isa = PBXFileReference; lastKnownFileType = sourcecode.swift; path = EmptyVC.swift; sourceTree = "<group>"; };
		780145772A7122D600844EBC /* CoreDataManager.swift */ = {isa = PBXFileReference; lastKnownFileType = sourcecode.swift; path = CoreDataManager.swift; sourceTree = "<group>"; };
		7801457A2A76A6B300844EBC /* NewsViewControllerExtension.swift */ = {isa = PBXFileReference; lastKnownFileType = sourcecode.swift; path = NewsViewControllerExtension.swift; sourceTree = "<group>"; };
		7801457C2A76A80E00844EBC /* NewsSavedVCExtension.swift */ = {isa = PBXFileReference; lastKnownFileType = sourcecode.swift; path = NewsSavedVCExtension.swift; sourceTree = "<group>"; };
		780145822A7A550D00844EBC /* NewsCartServiceExtension.appex */ = {isa = PBXFileReference; explicitFileType = "wrapper.app-extension"; includeInIndex = 0; path = NewsCartServiceExtension.appex; sourceTree = BUILT_PRODUCTS_DIR; };
		780145842A7A550D00844EBC /* NotificationService.swift */ = {isa = PBXFileReference; lastKnownFileType = sourcecode.swift; path = NotificationService.swift; sourceTree = "<group>"; };
		780145862A7A550E00844EBC /* Info.plist */ = {isa = PBXFileReference; lastKnownFileType = text.plist.xml; path = Info.plist; sourceTree = "<group>"; };
		780145942A7B7B1600844EBC /* NewsCartContentExtension.appex */ = {isa = PBXFileReference; explicitFileType = "wrapper.app-extension"; includeInIndex = 0; path = NewsCartContentExtension.appex; sourceTree = BUILT_PRODUCTS_DIR; };
		780145952A7B7B1600844EBC /* UserNotifications.framework */ = {isa = PBXFileReference; lastKnownFileType = wrapper.framework; name = UserNotifications.framework; path = System/Library/Frameworks/UserNotifications.framework; sourceTree = SDKROOT; };
		780145972A7B7B1600844EBC /* UserNotificationsUI.framework */ = {isa = PBXFileReference; lastKnownFileType = wrapper.framework; name = UserNotificationsUI.framework; path = System/Library/Frameworks/UserNotificationsUI.framework; sourceTree = SDKROOT; };
		7801459A2A7B7B1600844EBC /* NotificationViewController.swift */ = {isa = PBXFileReference; lastKnownFileType = sourcecode.swift; path = NotificationViewController.swift; sourceTree = "<group>"; };
		7801459D2A7B7B1600844EBC /* Base */ = {isa = PBXFileReference; lastKnownFileType = file.storyboard; name = Base; path = Base.lproj/MainInterface.storyboard; sourceTree = "<group>"; };
		7801459F2A7B7B1600844EBC /* Info.plist */ = {isa = PBXFileReference; lastKnownFileType = text.plist.xml; path = Info.plist; sourceTree = "<group>"; };
		7840F56A2AA0ED8C003F4B91 /* SelfHandledCardsViewController.swift */ = {isa = PBXFileReference; lastKnownFileType = sourcecode.swift; path = SelfHandledCardsViewController.swift; sourceTree = "<group>"; };
		7840F56E2AA0F1E5003F4B91 /* CardsCell.swift */ = {isa = PBXFileReference; lastKnownFileType = sourcecode.swift; path = CardsCell.swift; sourceTree = "<group>"; };
		7840F5702AA0F931003F4B91 /* FetchSelfHandledCards.swift */ = {isa = PBXFileReference; lastKnownFileType = sourcecode.swift; path = FetchSelfHandledCards.swift; sourceTree = "<group>"; };
		7840F5792AA1E7BE003F4B91 /* CardsBasicWithImageCell.swift */ = {isa = PBXFileReference; lastKnownFileType = sourcecode.swift; path = CardsBasicWithImageCell.swift; sourceTree = "<group>"; };
		7840F57B2AA1E7E6003F4B91 /* CardsillustrationCell.swift */ = {isa = PBXFileReference; lastKnownFileType = sourcecode.swift; path = CardsillustrationCell.swift; sourceTree = "<group>"; };
		7840F57E2AA1F49F003F4B91 /* SelfHandledModel.swift */ = {isa = PBXFileReference; lastKnownFileType = sourcecode.swift; path = SelfHandledModel.swift; sourceTree = "<group>"; };
		7840F5802AA1F8D4003F4B91 /* SelfHandledManager.swift */ = {isa = PBXFileReference; lastKnownFileType = sourcecode.swift; path = SelfHandledManager.swift; sourceTree = "<group>"; };
		7848B4FB2AA99EB3008613B8 /* SelfHandledViewModel.swift */ = {isa = PBXFileReference; lastKnownFileType = sourcecode.swift; path = SelfHandledViewModel.swift; sourceTree = "<group>"; };
		787F4EF12A8C7AAB00376F2F /* CoreDataConfiguration.swift */ = {isa = PBXFileReference; lastKnownFileType = sourcecode.swift; path = CoreDataConfiguration.swift; sourceTree = "<group>"; };
		787F4EF32A8DF68900376F2F /* LogManager.swift */ = {isa = PBXFileReference; lastKnownFileType = sourcecode.swift; path = LogManager.swift; sourceTree = "<group>"; };
		787F4EF52A8F6CF000376F2F /* ImagePropertyModel.swift */ = {isa = PBXFileReference; lastKnownFileType = sourcecode.swift; path = ImagePropertyModel.swift; sourceTree = "<group>"; };
		787F4EF72A8F6E7100376F2F /* AlertsManager.swift */ = {isa = PBXFileReference; lastKnownFileType = sourcecode.swift; path = AlertsManager.swift; sourceTree = "<group>"; };
		787F4EFD2A95A7C800376F2F /* NewsCartDebug.entitlements */ = {isa = PBXFileReference; lastKnownFileType = text.plist.entitlements; path = NewsCartDebug.entitlements; sourceTree = "<group>"; };
		787F4F022A95E14000376F2F /* NewsCartServiceExtensionDebug.entitlements */ = {isa = PBXFileReference; lastKnownFileType = text.plist.entitlements; path = NewsCartServiceExtensionDebug.entitlements; sourceTree = "<group>"; };
		787F4F0B2A987C5000376F2F /* NewsCartContentExtensionDebug.entitlements */ = {isa = PBXFileReference; lastKnownFileType = text.plist.entitlements; path = NewsCartContentExtensionDebug.entitlements; sourceTree = "<group>"; };
		787F4F0E2A9B120800376F2F /* FetchInboxMessages.swift */ = {isa = PBXFileReference; lastKnownFileType = sourcecode.swift; path = FetchInboxMessages.swift; sourceTree = "<group>"; };
		787F4F102A9B663600376F2F /* MoEngageInboxConfiguration.swift */ = {isa = PBXFileReference; lastKnownFileType = sourcecode.swift; path = MoEngageInboxConfiguration.swift; sourceTree = "<group>"; };
		787F4F122A9CB25800376F2F /* RequestLocationAuthorization.swift */ = {isa = PBXFileReference; lastKnownFileType = sourcecode.swift; path = RequestLocationAuthorization.swift; sourceTree = "<group>"; };
		787F4F142A9DC7C800376F2F /* NavigatingToScreen.swift */ = {isa = PBXFileReference; lastKnownFileType = sourcecode.swift; path = NavigatingToScreen.swift; sourceTree = "<group>"; };
		787F4F162A9F42CC00376F2F /* CardsInboxMessages.swift */ = {isa = PBXFileReference; lastKnownFileType = sourcecode.swift; path = CardsInboxMessages.swift; sourceTree = "<group>"; };
		787F4F1A2AA0A64800376F2F /* InAppViewController.swift */ = {isa = PBXFileReference; lastKnownFileType = sourcecode.swift; path = InAppViewController.swift; sourceTree = "<group>"; };
		78817A1E2A7BACA300AC2CA7 /* ActionableNotificationManager.swift */ = {isa = PBXFileReference; lastKnownFileType = sourcecode.swift; path = ActionableNotificationManager.swift; sourceTree = "<group>"; };
		789267332A6115B400959887 /* NewsCart.app */ = {isa = PBXFileReference; explicitFileType = wrapper.application; includeInIndex = 0; path = NewsCart.app; sourceTree = BUILT_PRODUCTS_DIR; };
		789267362A6115B400959887 /* AppDelegate.swift */ = {isa = PBXFileReference; lastKnownFileType = sourcecode.swift; path = AppDelegate.swift; sourceTree = "<group>"; };
		789267382A6115B400959887 /* SceneDelegate.swift */ = {isa = PBXFileReference; lastKnownFileType = sourcecode.swift; path = SceneDelegate.swift; sourceTree = "<group>"; };
		7892673A2A6115B400959887 /* NewsViewController.swift */ = {isa = PBXFileReference; lastKnownFileType = sourcecode.swift; path = NewsViewController.swift; sourceTree = "<group>"; };
		7892673D2A6115B400959887 /* Base */ = {isa = PBXFileReference; lastKnownFileType = file.storyboard; name = Base; path = Base.lproj/Main.storyboard; sourceTree = "<group>"; };
		789267422A6115B600959887 /* Assets.xcassets */ = {isa = PBXFileReference; lastKnownFileType = folder.assetcatalog; path = Assets.xcassets; sourceTree = "<group>"; };
		789267452A6115B600959887 /* Base */ = {isa = PBXFileReference; lastKnownFileType = file.storyboard; name = Base; path = Base.lproj/LaunchScreen.storyboard; sourceTree = "<group>"; };
		789267472A6115B600959887 /* Info.plist */ = {isa = PBXFileReference; lastKnownFileType = text.plist.xml; path = Info.plist; sourceTree = "<group>"; };
		789267502A61399F00959887 /* APINewsModel.swift */ = {isa = PBXFileReference; lastKnownFileType = sourcecode.swift; path = APINewsModel.swift; sourceTree = "<group>"; };
		789267522A6170D300959887 /* CustomNewsCell.swift */ = {isa = PBXFileReference; lastKnownFileType = sourcecode.swift; path = CustomNewsCell.swift; sourceTree = "<group>"; };
		789267542A62F36C00959887 /* APINewsManager.swift */ = {isa = PBXFileReference; lastKnownFileType = sourcecode.swift; path = APINewsManager.swift; sourceTree = "<group>"; };
		789267572A62F47600959887 /* FetchNews.swift */ = {isa = PBXFileReference; lastKnownFileType = sourcecode.swift; path = FetchNews.swift; sourceTree = "<group>"; };
		7892675B2A64686A00959887 /* HeaderView.xib */ = {isa = PBXFileReference; lastKnownFileType = file.xib; path = HeaderView.xib; sourceTree = "<group>"; };
		7892675D2A64687C00959887 /* HeaderView.swift */ = {isa = PBXFileReference; lastKnownFileType = sourcecode.swift; path = HeaderView.swift; sourceTree = "<group>"; };
		7892675F2A6521DF00959887 /* FetchCategoryNews.swift */ = {isa = PBXFileReference; lastKnownFileType = sourcecode.swift; path = FetchCategoryNews.swift; sourceTree = "<group>"; };
		78939D752A66497600BDDD23 /* NewsCart.xcdatamodel */ = {isa = PBXFileReference; lastKnownFileType = wrapper.xcdatamodel; path = NewsCart.xcdatamodel; sourceTree = "<group>"; };
		78939D772A666A3D00BDDD23 /* ClickDelegate.swift */ = {isa = PBXFileReference; lastKnownFileType = sourcecode.swift; path = ClickDelegate.swift; sourceTree = "<group>"; };
		78939D7A2A66707200BDDD23 /* Constants.swift */ = {isa = PBXFileReference; lastKnownFileType = sourcecode.swift; path = Constants.swift; sourceTree = "<group>"; };
		78939D7E2A66929E00BDDD23 /* NewsSavedVC.swift */ = {isa = PBXFileReference; lastKnownFileType = sourcecode.swift; path = NewsSavedVC.swift; sourceTree = "<group>"; };
		78939D802A66F26300BDDD23 /* CustomSavedNewsCell.swift */ = {isa = PBXFileReference; lastKnownFileType = sourcecode.swift; path = CustomSavedNewsCell.swift; sourceTree = "<group>"; };
		78939D822A679E9700BDDD23 /* SavedArticleViewController.swift */ = {isa = PBXFileReference; lastKnownFileType = sourcecode.swift; name = SavedArticleViewController.swift; path = View/SavedArticleViewController.swift; sourceTree = SOURCE_ROOT; };
		7899FB582A836C5600814E8F /* DownloadVideoManager.swift */ = {isa = PBXFileReference; lastKnownFileType = sourcecode.swift; path = DownloadVideoManager.swift; sourceTree = "<group>"; };
		7899FB732A84D67C00814E8F /* FileSystemManager.swift */ = {isa = PBXFileReference; lastKnownFileType = sourcecode.swift; path = FileSystemManager.swift; sourceTree = "<group>"; };
		7899FB752A84D87800814E8F /* ImageExtension.swift */ = {isa = PBXFileReference; lastKnownFileType = sourcecode.swift; path = ImageExtension.swift; sourceTree = "<group>"; };
		87414EB4FE2B653718CE138E /* Pods-NewsCartServiceExtension.debug.xcconfig */ = {isa = PBXFileReference; includeInIndex = 1; lastKnownFileType = text.xcconfig; name = "Pods-NewsCartServiceExtension.debug.xcconfig"; path = "Target Support Files/Pods-NewsCartServiceExtension/Pods-NewsCartServiceExtension.debug.xcconfig"; sourceTree = "<group>"; };
		D507D4F704BB62ADB1A396A4 /* Pods-NewsCart.release.xcconfig */ = {isa = PBXFileReference; includeInIndex = 1; lastKnownFileType = text.xcconfig; name = "Pods-NewsCart.release.xcconfig"; path = "Target Support Files/Pods-NewsCart/Pods-NewsCart.release.xcconfig"; sourceTree = "<group>"; };
		D639A19F40D5B4D8EF13258D /* Pods-NewsCartContentExtension.debug.xcconfig */ = {isa = PBXFileReference; includeInIndex = 1; lastKnownFileType = text.xcconfig; name = "Pods-NewsCartContentExtension.debug.xcconfig"; path = "Target Support Files/Pods-NewsCartContentExtension/Pods-NewsCartContentExtension.debug.xcconfig"; sourceTree = "<group>"; };
		F33FD93869F2C3AF904A405C /* Pods_NewsCartServiceExtension.framework */ = {isa = PBXFileReference; explicitFileType = wrapper.framework; includeInIndex = 0; path = Pods_NewsCartServiceExtension.framework; sourceTree = BUILT_PRODUCTS_DIR; };
		FB8E5519E3464C099A926BE5 /* Pods-NewsCartServiceExtension.release.xcconfig */ = {isa = PBXFileReference; includeInIndex = 1; lastKnownFileType = text.xcconfig; name = "Pods-NewsCartServiceExtension.release.xcconfig"; path = "Target Support Files/Pods-NewsCartServiceExtension/Pods-NewsCartServiceExtension.release.xcconfig"; sourceTree = "<group>"; };
/* End PBXFileReference section */

/* Begin PBXFrameworksBuildPhase section */
		7801457F2A7A550D00844EBC /* Frameworks */ = {
			isa = PBXFrameworksBuildPhase;
			buildActionMask = 2147483647;
			files = (
				787F4F032A95E15D00376F2F /* UserNotifications.framework in Frameworks */,
				CAE5F4F482C37F529F6961C8 /* Pods_NewsCartServiceExtension.framework in Frameworks */,
			);
			runOnlyForDeploymentPostprocessing = 0;
		};
		780145912A7B7B1600844EBC /* Frameworks */ = {
			isa = PBXFrameworksBuildPhase;
			buildActionMask = 2147483647;
			files = (
				787F4F0A2A97979400376F2F /* UserNotificationsUI.framework in Frameworks */,
				780145962A7B7B1600844EBC /* UserNotifications.framework in Frameworks */,
				0E272DC87B601641811133AF /* Pods_NewsCartContentExtension.framework in Frameworks */,
			);
			runOnlyForDeploymentPostprocessing = 0;
		};
		789267302A6115B400959887 /* Frameworks */ = {
			isa = PBXFrameworksBuildPhase;
			buildActionMask = 2147483647;
			files = (
				7848B4FA2AA5F4A2008613B8 /* FileManagementSDK in Frameworks */,
				787F4F042A97845A00376F2F /* UserNotifications.framework in Frameworks */,
				787F4F072A978A4300376F2F /* Pods_NewsCart.framework in Frameworks */,
			);
			runOnlyForDeploymentPostprocessing = 0;
		};
/* End PBXFrameworksBuildPhase section */

/* Begin PBXGroup section */
		57DED2359EA1A1A2E90A5E39 /* Frameworks */ = {
			isa = PBXGroup;
			children = (
				4B7F41C6B2F7B9F9C59A3581 /* Pods_NewsCart.framework */,
				780145952A7B7B1600844EBC /* UserNotifications.framework */,
				780145972A7B7B1600844EBC /* UserNotificationsUI.framework */,
				F33FD93869F2C3AF904A405C /* Pods_NewsCartServiceExtension.framework */,
				609FEEAEFCA595C9D8AF4034 /* Pods_NewsCartContentExtension.framework */,
			);
			name = Frameworks;
			sourceTree = "<group>";
		};
		780145762A70331300844EBC /* View Model */ = {
			isa = PBXGroup;
			children = (
				7899FB752A84D87800814E8F /* ImageExtension.swift */,
				78817A1E2A7BACA300AC2CA7 /* ActionableNotificationManager.swift */,
				7899FB582A836C5600814E8F /* DownloadVideoManager.swift */,
				7899FB732A84D67C00814E8F /* FileSystemManager.swift */,
				787F4EF32A8DF68900376F2F /* LogManager.swift */,
				787F4EF72A8F6E7100376F2F /* AlertsManager.swift */,
				787F4F102A9B663600376F2F /* MoEngageInboxConfiguration.swift */,
				787F4F122A9CB25800376F2F /* RequestLocationAuthorization.swift */,
				787F4F142A9DC7C800376F2F /* NavigatingToScreen.swift */,
				7848B4FB2AA99EB3008613B8 /* SelfHandledViewModel.swift */,
			);
			path = "View Model";
			sourceTree = "<group>";
		};
		780145792A76A65500844EBC /* Extensions */ = {
			isa = PBXGroup;
			children = (
				7801457A2A76A6B300844EBC /* NewsViewControllerExtension.swift */,
				7801457C2A76A80E00844EBC /* NewsSavedVCExtension.swift */,
			);
			path = Extensions;
			sourceTree = "<group>";
		};
		780145832A7A550D00844EBC /* NewsCartServiceExtension */ = {
			isa = PBXGroup;
			children = (
				787F4F022A95E14000376F2F /* NewsCartServiceExtensionDebug.entitlements */,
				780145842A7A550D00844EBC /* NotificationService.swift */,
				780145862A7A550E00844EBC /* Info.plist */,
			);
			path = NewsCartServiceExtension;
			sourceTree = "<group>";
		};
		780145992A7B7B1600844EBC /* NewsCartContentExtension */ = {
			isa = PBXGroup;
			children = (
				787F4F0B2A987C5000376F2F /* NewsCartContentExtensionDebug.entitlements */,
				7801459A2A7B7B1600844EBC /* NotificationViewController.swift */,
				7801459C2A7B7B1600844EBC /* MainInterface.storyboard */,
				7801459F2A7B7B1600844EBC /* Info.plist */,
			);
			path = NewsCartContentExtension;
			sourceTree = "<group>";
		};
		7840F5762AA1C961003F4B91 /* Repositories */ = {
			isa = PBXGroup;
			children = (
				7840F5782AA1C979003F4B91 /* Local Repository */,
				7840F5772AA1C96D003F4B91 /* Remote Repository */,
			);
			path = Repositories;
			sourceTree = "<group>";
		};
		7840F5772AA1C96D003F4B91 /* Remote Repository */ = {
			isa = PBXGroup;
			children = (
				7840F5802AA1F8D4003F4B91 /* SelfHandledManager.swift */,
				789267542A62F36C00959887 /* APINewsManager.swift */,
			);
			path = "Remote Repository";
			sourceTree = "<group>";
		};
		7840F5782AA1C979003F4B91 /* Local Repository */ = {
			isa = PBXGroup;
			children = (
				787F4EF12A8C7AAB00376F2F /* CoreDataConfiguration.swift */,
				780145772A7122D600844EBC /* CoreDataManager.swift */,
			);
			path = "Local Repository";
			sourceTree = "<group>";
		};
		7840F57D2AA1E7F9003F4B91 /* CardsTableViewCell */ = {
			isa = PBXGroup;
			children = (
				7840F56E2AA0F1E5003F4B91 /* CardsCell.swift */,
				7840F5792AA1E7BE003F4B91 /* CardsBasicWithImageCell.swift */,
				7840F57B2AA1E7E6003F4B91 /* CardsillustrationCell.swift */,
			);
			path = CardsTableViewCell;
			sourceTree = "<group>";
		};
		7892672A2A6115B300959887 = {
			isa = PBXGroup;
			children = (
				7892674D2A6123EB00959887 /* Model */,
				7892674E2A6123F300959887 /* View */,
				789267562A62F44C00959887 /* Protocols */,
				7840F5762AA1C961003F4B91 /* Repositories */,
				780145762A70331300844EBC /* View Model */,
				78939D792A66706100BDDD23 /* Constants */,
				789267352A6115B400959887 /* NewsCart */,
				780145832A7A550D00844EBC /* NewsCartServiceExtension */,
				780145992A7B7B1600844EBC /* NewsCartContentExtension */,
				789267342A6115B400959887 /* Products */,
				B1850B95057C3A663818EC2F /* Pods */,
				57DED2359EA1A1A2E90A5E39 /* Frameworks */,
			);
			sourceTree = "<group>";
		};
		789267342A6115B400959887 /* Products */ = {
			isa = PBXGroup;
			children = (
				789267332A6115B400959887 /* NewsCart.app */,
				780145822A7A550D00844EBC /* NewsCartServiceExtension.appex */,
				780145942A7B7B1600844EBC /* NewsCartContentExtension.appex */,
			);
			name = Products;
			sourceTree = "<group>";
		};
		789267352A6115B400959887 /* NewsCart */ = {
			isa = PBXGroup;
			children = (
				787F4EFD2A95A7C800376F2F /* NewsCartDebug.entitlements */,
				780145712A6A759A00844EBC /* NewsCart.entitlements */,
				789267362A6115B400959887 /* AppDelegate.swift */,
				78939D742A66497600BDDD23 /* NewsCart.xcdatamodeld */,
				789267382A6115B400959887 /* SceneDelegate.swift */,
				789267422A6115B600959887 /* Assets.xcassets */,
				789267442A6115B600959887 /* LaunchScreen.storyboard */,
				789267472A6115B600959887 /* Info.plist */,
				7801456F2A6A6FC300844EBC /* GoogleService-Info.plist */,
			);
			path = NewsCart;
			sourceTree = "<group>";
		};
		7892674D2A6123EB00959887 /* Model */ = {
			isa = PBXGroup;
			children = (
				789267502A61399F00959887 /* APINewsModel.swift */,
				787F4EF52A8F6CF000376F2F /* ImagePropertyModel.swift */,
				7840F57E2AA1F49F003F4B91 /* SelfHandledModel.swift */,
			);
			path = Model;
			sourceTree = "<group>";
		};
		7892674E2A6123F300959887 /* View */ = {
			isa = PBXGroup;
			children = (
				7840F57D2AA1E7F9003F4B91 /* CardsTableViewCell */,
				7892673C2A6115B400959887 /* Main.storyboard */,
				7892675B2A64686A00959887 /* HeaderView.xib */,
				7892675D2A64687C00959887 /* HeaderView.swift */,
				789267522A6170D300959887 /* CustomNewsCell.swift */,
				78939D802A66F26300BDDD23 /* CustomSavedNewsCell.swift */,
				7892673A2A6115B400959887 /* NewsViewController.swift */,
				78939D7E2A66929E00BDDD23 /* NewsSavedVC.swift */,
				78939D822A679E9700BDDD23 /* SavedArticleViewController.swift */,
				780145742A6FC27500844EBC /* EmptyVC.swift */,
				787F4F1A2AA0A64800376F2F /* InAppViewController.swift */,
				7840F56A2AA0ED8C003F4B91 /* SelfHandledCardsViewController.swift */,
				780145792A76A65500844EBC /* Extensions */,
			);
			path = View;
			sourceTree = "<group>";
		};
		789267562A62F44C00959887 /* Protocols */ = {
			isa = PBXGroup;
			children = (
				789267572A62F47600959887 /* FetchNews.swift */,
				7892675F2A6521DF00959887 /* FetchCategoryNews.swift */,
				78939D772A666A3D00BDDD23 /* ClickDelegate.swift */,
				787F4F0E2A9B120800376F2F /* FetchInboxMessages.swift */,
				787F4F162A9F42CC00376F2F /* CardsInboxMessages.swift */,
				7840F5702AA0F931003F4B91 /* FetchSelfHandledCards.swift */,
			);
			path = Protocols;
			sourceTree = "<group>";
		};
		78939D792A66706100BDDD23 /* Constants */ = {
			isa = PBXGroup;
			children = (
				78939D7A2A66707200BDDD23 /* Constants.swift */,
			);
			path = Constants;
			sourceTree = "<group>";
		};
		B1850B95057C3A663818EC2F /* Pods */ = {
			isa = PBXGroup;
			children = (
				664FE2B6A1047A8D94A08EF1 /* Pods-NewsCart.debug.xcconfig */,
				D507D4F704BB62ADB1A396A4 /* Pods-NewsCart.release.xcconfig */,
				87414EB4FE2B653718CE138E /* Pods-NewsCartServiceExtension.debug.xcconfig */,
				FB8E5519E3464C099A926BE5 /* Pods-NewsCartServiceExtension.release.xcconfig */,
				D639A19F40D5B4D8EF13258D /* Pods-NewsCartContentExtension.debug.xcconfig */,
				5828CD2090B1013DA4799D3B /* Pods-NewsCartContentExtension.release.xcconfig */,
			);
			path = Pods;
			sourceTree = "<group>";
		};
/* End PBXGroup section */

/* Begin PBXNativeTarget section */
		780145812A7A550D00844EBC /* NewsCartServiceExtension */ = {
			isa = PBXNativeTarget;
			buildConfigurationList = 7801458D2A7A550E00844EBC /* Build configuration list for PBXNativeTarget "NewsCartServiceExtension" */;
			buildPhases = (
				3CB045B9FB1B2D46E17F4FC0 /* [CP] Check Pods Manifest.lock */,
				7801457E2A7A550D00844EBC /* Sources */,
				7801457F2A7A550D00844EBC /* Frameworks */,
				780145802A7A550D00844EBC /* Resources */,
			);
			buildRules = (
			);
			dependencies = (
			);
			name = NewsCartServiceExtension;
			productName = NewsCartServiceExtension;
			productReference = 780145822A7A550D00844EBC /* NewsCartServiceExtension.appex */;
			productType = "com.apple.product-type.app-extension";
		};
		780145932A7B7B1600844EBC /* NewsCartContentExtension */ = {
			isa = PBXNativeTarget;
			buildConfigurationList = 780145A32A7B7B1600844EBC /* Build configuration list for PBXNativeTarget "NewsCartContentExtension" */;
			buildPhases = (
				6EE84F329FB0C3C4EC279197 /* [CP] Check Pods Manifest.lock */,
				780145902A7B7B1600844EBC /* Sources */,
				780145912A7B7B1600844EBC /* Frameworks */,
				780145922A7B7B1600844EBC /* Resources */,
			);
			buildRules = (
			);
			dependencies = (
			);
			name = NewsCartContentExtension;
			productName = NewsCartContentExtension;
			productReference = 780145942A7B7B1600844EBC /* NewsCartContentExtension.appex */;
			productType = "com.apple.product-type.app-extension";
		};
		789267322A6115B400959887 /* NewsCart */ = {
			isa = PBXNativeTarget;
			buildConfigurationList = 7892674A2A6115B600959887 /* Build configuration list for PBXNativeTarget "NewsCart" */;
			buildPhases = (
				2A5E6A6B7AFA2989E8760B27 /* [CP] Check Pods Manifest.lock */,
				7892672F2A6115B400959887 /* Sources */,
				789267302A6115B400959887 /* Frameworks */,
				789267312A6115B400959887 /* Resources */,
				7801458A2A7A550E00844EBC /* Embed Foundation Extensions */,
				70C5E5D2E66B9D56FCDD1886 /* [CP] Embed Pods Frameworks */,
			);
			buildRules = (
			);
			dependencies = (
				780145882A7A550E00844EBC /* PBXTargetDependency */,
				780145A12A7B7B1600844EBC /* PBXTargetDependency */,
			);
			name = NewsCart;
			packageProductDependencies = (
				7848B4F92AA5F4A2008613B8 /* FileManagementSDK */,
			);
			productName = NewsCart;
			productReference = 789267332A6115B400959887 /* NewsCart.app */;
			productType = "com.apple.product-type.application";
		};
/* End PBXNativeTarget section */

/* Begin PBXProject section */
		7892672B2A6115B300959887 /* Project object */ = {
			isa = PBXProject;
			attributes = {
				BuildIndependentTargetsInParallel = 1;
				LastSwiftUpdateCheck = 1430;
				LastUpgradeCheck = 1430;
				TargetAttributes = {
					780145812A7A550D00844EBC = {
						CreatedOnToolsVersion = 14.3.1;
					};
					780145932A7B7B1600844EBC = {
						CreatedOnToolsVersion = 14.3.1;
					};
					789267322A6115B400959887 = {
						CreatedOnToolsVersion = 14.3.1;
					};
				};
			};
			buildConfigurationList = 7892672E2A6115B300959887 /* Build configuration list for PBXProject "NewsCart" */;
			compatibilityVersion = "Xcode 14.0";
			developmentRegion = en;
			hasScannedForEncodings = 0;
			knownRegions = (
				en,
				Base,
			);
			mainGroup = 7892672A2A6115B300959887;
			packageReferences = (
				7848B4F82AA5F4A2008613B8 /* XCRemoteSwiftPackageReference "FileManagementSDK" */,
			);
			productRefGroup = 789267342A6115B400959887 /* Products */;
			projectDirPath = "";
			projectRoot = "";
			targets = (
				789267322A6115B400959887 /* NewsCart */,
				780145812A7A550D00844EBC /* NewsCartServiceExtension */,
				780145932A7B7B1600844EBC /* NewsCartContentExtension */,
			);
		};
/* End PBXProject section */

/* Begin PBXResourcesBuildPhase section */
		780145802A7A550D00844EBC /* Resources */ = {
			isa = PBXResourcesBuildPhase;
			buildActionMask = 2147483647;
			files = (
			);
			runOnlyForDeploymentPostprocessing = 0;
		};
		780145922A7B7B1600844EBC /* Resources */ = {
			isa = PBXResourcesBuildPhase;
			buildActionMask = 2147483647;
			files = (
				7801459E2A7B7B1600844EBC /* MainInterface.storyboard in Resources */,
			);
			runOnlyForDeploymentPostprocessing = 0;
		};
		789267312A6115B400959887 /* Resources */ = {
			isa = PBXResourcesBuildPhase;
			buildActionMask = 2147483647;
			files = (
				789267462A6115B600959887 /* LaunchScreen.storyboard in Resources */,
				789267432A6115B600959887 /* Assets.xcassets in Resources */,
				7892673E2A6115B400959887 /* Main.storyboard in Resources */,
				7892675C2A64686A00959887 /* HeaderView.xib in Resources */,
				780145702A6A6FC300844EBC /* GoogleService-Info.plist in Resources */,
			);
			runOnlyForDeploymentPostprocessing = 0;
		};
/* End PBXResourcesBuildPhase section */

/* Begin PBXShellScriptBuildPhase section */
		2A5E6A6B7AFA2989E8760B27 /* [CP] Check Pods Manifest.lock */ = {
			isa = PBXShellScriptBuildPhase;
			buildActionMask = 2147483647;
			files = (
			);
			inputFileListPaths = (
			);
			inputPaths = (
				"${PODS_PODFILE_DIR_PATH}/Podfile.lock",
				"${PODS_ROOT}/Manifest.lock",
			);
			name = "[CP] Check Pods Manifest.lock";
			outputFileListPaths = (
			);
			outputPaths = (
				"$(DERIVED_FILE_DIR)/Pods-NewsCart-checkManifestLockResult.txt",
			);
			runOnlyForDeploymentPostprocessing = 0;
			shellPath = /bin/sh;
			shellScript = "diff \"${PODS_PODFILE_DIR_PATH}/Podfile.lock\" \"${PODS_ROOT}/Manifest.lock\" > /dev/null\nif [ $? != 0 ] ; then\n    # print error to STDERR\n    echo \"error: The sandbox is not in sync with the Podfile.lock. Run 'pod install' or update your CocoaPods installation.\" >&2\n    exit 1\nfi\n# This output is used by Xcode 'outputs' to avoid re-running this script phase.\necho \"SUCCESS\" > \"${SCRIPT_OUTPUT_FILE_0}\"\n";
			showEnvVarsInLog = 0;
		};
		3CB045B9FB1B2D46E17F4FC0 /* [CP] Check Pods Manifest.lock */ = {
			isa = PBXShellScriptBuildPhase;
			buildActionMask = 2147483647;
			files = (
			);
			inputFileListPaths = (
			);
			inputPaths = (
				"${PODS_PODFILE_DIR_PATH}/Podfile.lock",
				"${PODS_ROOT}/Manifest.lock",
			);
			name = "[CP] Check Pods Manifest.lock";
			outputFileListPaths = (
			);
			outputPaths = (
				"$(DERIVED_FILE_DIR)/Pods-NewsCartServiceExtension-checkManifestLockResult.txt",
			);
			runOnlyForDeploymentPostprocessing = 0;
			shellPath = /bin/sh;
			shellScript = "diff \"${PODS_PODFILE_DIR_PATH}/Podfile.lock\" \"${PODS_ROOT}/Manifest.lock\" > /dev/null\nif [ $? != 0 ] ; then\n    # print error to STDERR\n    echo \"error: The sandbox is not in sync with the Podfile.lock. Run 'pod install' or update your CocoaPods installation.\" >&2\n    exit 1\nfi\n# This output is used by Xcode 'outputs' to avoid re-running this script phase.\necho \"SUCCESS\" > \"${SCRIPT_OUTPUT_FILE_0}\"\n";
			showEnvVarsInLog = 0;
		};
		6EE84F329FB0C3C4EC279197 /* [CP] Check Pods Manifest.lock */ = {
			isa = PBXShellScriptBuildPhase;
			buildActionMask = 2147483647;
			files = (
			);
			inputFileListPaths = (
			);
			inputPaths = (
				"${PODS_PODFILE_DIR_PATH}/Podfile.lock",
				"${PODS_ROOT}/Manifest.lock",
			);
			name = "[CP] Check Pods Manifest.lock";
			outputFileListPaths = (
			);
			outputPaths = (
				"$(DERIVED_FILE_DIR)/Pods-NewsCartContentExtension-checkManifestLockResult.txt",
			);
			runOnlyForDeploymentPostprocessing = 0;
			shellPath = /bin/sh;
			shellScript = "diff \"${PODS_PODFILE_DIR_PATH}/Podfile.lock\" \"${PODS_ROOT}/Manifest.lock\" > /dev/null\nif [ $? != 0 ] ; then\n    # print error to STDERR\n    echo \"error: The sandbox is not in sync with the Podfile.lock. Run 'pod install' or update your CocoaPods installation.\" >&2\n    exit 1\nfi\n# This output is used by Xcode 'outputs' to avoid re-running this script phase.\necho \"SUCCESS\" > \"${SCRIPT_OUTPUT_FILE_0}\"\n";
			showEnvVarsInLog = 0;
		};
		70C5E5D2E66B9D56FCDD1886 /* [CP] Embed Pods Frameworks */ = {
			isa = PBXShellScriptBuildPhase;
			buildActionMask = 2147483647;
			files = (
			);
			inputFileListPaths = (
				"${PODS_ROOT}/Target Support Files/Pods-NewsCart/Pods-NewsCart-frameworks-${CONFIGURATION}-input-files.xcfilelist",
			);
			name = "[CP] Embed Pods Frameworks";
			outputFileListPaths = (
				"${PODS_ROOT}/Target Support Files/Pods-NewsCart/Pods-NewsCart-frameworks-${CONFIGURATION}-output-files.xcfilelist",
			);
			runOnlyForDeploymentPostprocessing = 0;
			shellPath = /bin/sh;
			shellScript = "\"${PODS_ROOT}/Target Support Files/Pods-NewsCart/Pods-NewsCart-frameworks.sh\"\n";
			showEnvVarsInLog = 0;
		};
/* End PBXShellScriptBuildPhase section */

/* Begin PBXSourcesBuildPhase section */
		7801457E2A7A550D00844EBC /* Sources */ = {
			isa = PBXSourcesBuildPhase;
			buildActionMask = 2147483647;
			files = (
				7801458F2A7A5CE600844EBC /* NotificationService.swift in Sources */,
				7899FB5C2A83723C00814E8F /* DownloadVideoManager.swift in Sources */,
			);
			runOnlyForDeploymentPostprocessing = 0;
		};
		780145902A7B7B1600844EBC /* Sources */ = {
			isa = PBXSourcesBuildPhase;
			buildActionMask = 2147483647;
			files = (
				7801459B2A7B7B1600844EBC /* NotificationViewController.swift in Sources */,
			);
			runOnlyForDeploymentPostprocessing = 0;
		};
		7892672F2A6115B400959887 /* Sources */ = {
			isa = PBXSourcesBuildPhase;
			buildActionMask = 2147483647;
			files = (
				789267532A6170D300959887 /* CustomNewsCell.swift in Sources */,
				787F4EF62A8F6CF000376F2F /* ImagePropertyModel.swift in Sources */,
				78939D782A666A3D00BDDD23 /* ClickDelegate.swift in Sources */,
				787F4EF42A8DF68900376F2F /* LogManager.swift in Sources */,
				787F4EF82A8F6E7100376F2F /* AlertsManager.swift in Sources */,
				78939D832A679E9700BDDD23 /* SavedArticleViewController.swift in Sources */,
				7892675E2A64687C00959887 /* HeaderView.swift in Sources */,
				787F4F172A9F42CC00376F2F /* CardsInboxMessages.swift in Sources */,
				787F4EF22A8C7AAB00376F2F /* CoreDataConfiguration.swift in Sources */,
				7899FB592A836C5600814E8F /* DownloadVideoManager.swift in Sources */,
				7840F5712AA0F931003F4B91 /* FetchSelfHandledCards.swift in Sources */,
				78939D7F2A66929E00BDDD23 /* NewsSavedVC.swift in Sources */,
				7892673B2A6115B400959887 /* NewsViewController.swift in Sources */,
				7899FB762A84D87800814E8F /* ImageExtension.swift in Sources */,
				7801457B2A76A6B300844EBC /* NewsViewControllerExtension.swift in Sources */,
				780145782A7122D600844EBC /* CoreDataManager.swift in Sources */,
				7840F56B2AA0ED8C003F4B91 /* SelfHandledCardsViewController.swift in Sources */,
				789267512A61399F00959887 /* APINewsModel.swift in Sources */,
				789267372A6115B400959887 /* AppDelegate.swift in Sources */,
				787F4F1B2AA0A64800376F2F /* InAppViewController.swift in Sources */,
				7840F57F2AA1F49F003F4B91 /* SelfHandledModel.swift in Sources */,
				7840F56F2AA0F1E5003F4B91 /* CardsCell.swift in Sources */,
				789267392A6115B400959887 /* SceneDelegate.swift in Sources */,
				7840F57C2AA1E7E6003F4B91 /* CardsillustrationCell.swift in Sources */,
				7899FB5E2A83B4E700814E8F /* NotificationViewController.swift in Sources */,
				7899FB742A84D67C00814E8F /* FileSystemManager.swift in Sources */,
				787F4F112A9B663600376F2F /* MoEngageInboxConfiguration.swift in Sources */,
				78939D7B2A66707200BDDD23 /* Constants.swift in Sources */,
				78939D762A66497600BDDD23 /* NewsCart.xcdatamodeld in Sources */,
				78939D812A66F26300BDDD23 /* CustomSavedNewsCell.swift in Sources */,
				789267602A6521DF00959887 /* FetchCategoryNews.swift in Sources */,
				787F4F132A9CB25800376F2F /* RequestLocationAuthorization.swift in Sources */,
				7801457D2A76A80E00844EBC /* NewsSavedVCExtension.swift in Sources */,
				787F4F0F2A9B120800376F2F /* FetchInboxMessages.swift in Sources */,
				789267552A62F36C00959887 /* APINewsManager.swift in Sources */,
				780145752A6FC27500844EBC /* EmptyVC.swift in Sources */,
				7840F5812AA1F8D4003F4B91 /* SelfHandledManager.swift in Sources */,
				7840F57A2AA1E7BE003F4B91 /* CardsBasicWithImageCell.swift in Sources */,
				78817A1F2A7BACA300AC2CA7 /* ActionableNotificationManager.swift in Sources */,
				787F4F152A9DC7C800376F2F /* NavigatingToScreen.swift in Sources */,
				789267582A62F47600959887 /* FetchNews.swift in Sources */,
				7848B4FC2AA99EB3008613B8 /* SelfHandledViewModel.swift in Sources */,
			);
			runOnlyForDeploymentPostprocessing = 0;
		};
/* End PBXSourcesBuildPhase section */

/* Begin PBXTargetDependency section */
		780145882A7A550E00844EBC /* PBXTargetDependency */ = {
			isa = PBXTargetDependency;
			target = 780145812A7A550D00844EBC /* NewsCartServiceExtension */;
			targetProxy = 780145872A7A550E00844EBC /* PBXContainerItemProxy */;
		};
		780145A12A7B7B1600844EBC /* PBXTargetDependency */ = {
			isa = PBXTargetDependency;
			target = 780145932A7B7B1600844EBC /* NewsCartContentExtension */;
			targetProxy = 780145A02A7B7B1600844EBC /* PBXContainerItemProxy */;
		};
/* End PBXTargetDependency section */

/* Begin PBXVariantGroup section */
		7801459C2A7B7B1600844EBC /* MainInterface.storyboard */ = {
			isa = PBXVariantGroup;
			children = (
				7801459D2A7B7B1600844EBC /* Base */,
			);
			name = MainInterface.storyboard;
			sourceTree = "<group>";
		};
		7892673C2A6115B400959887 /* Main.storyboard */ = {
			isa = PBXVariantGroup;
			children = (
				7892673D2A6115B400959887 /* Base */,
			);
			name = Main.storyboard;
			sourceTree = "<group>";
		};
		789267442A6115B600959887 /* LaunchScreen.storyboard */ = {
			isa = PBXVariantGroup;
			children = (
				789267452A6115B600959887 /* Base */,
			);
			name = LaunchScreen.storyboard;
			sourceTree = "<group>";
		};
/* End PBXVariantGroup section */

/* Begin XCBuildConfiguration section */
		7801458B2A7A550E00844EBC /* Debug */ = {
			isa = XCBuildConfiguration;
			baseConfigurationReference = 87414EB4FE2B653718CE138E /* Pods-NewsCartServiceExtension.debug.xcconfig */;
			buildSettings = {
				CODE_SIGN_ENTITLEMENTS = NewsCartServiceExtension/NewsCartServiceExtensionDebug.entitlements;
				CODE_SIGN_STYLE = Automatic;
				CURRENT_PROJECT_VERSION = 1;
				DEVELOPMENT_TEAM = BPWYRAF5X7;
				GENERATE_INFOPLIST_FILE = YES;
				INFOPLIST_FILE = NewsCartServiceExtension/Info.plist;
				INFOPLIST_KEY_CFBundleDisplayName = NewsCartServiceExtension;
				INFOPLIST_KEY_NSHumanReadableCopyright = "";
				IPHONEOS_DEPLOYMENT_TARGET = 15.4;
				LD_RUNPATH_SEARCH_PATHS = (
					"$(inherited)",
					"@executable_path/Frameworks",
					"@executable_path/../../Frameworks",
				);
				MARKETING_VERSION = 1.0;
				PRODUCT_BUNDLE_IDENTIFIER = com.Uday.NewsCart.NewsCartExtension;
				PRODUCT_NAME = "$(TARGET_NAME)";
				SKIP_INSTALL = YES;
				SWIFT_EMIT_LOC_STRINGS = YES;
				SWIFT_VERSION = 5.0;
				TARGETED_DEVICE_FAMILY = "1,2";
			};
			name = Debug;
		};
		7801458C2A7A550E00844EBC /* Release */ = {
			isa = XCBuildConfiguration;
			baseConfigurationReference = FB8E5519E3464C099A926BE5 /* Pods-NewsCartServiceExtension.release.xcconfig */;
			buildSettings = {
				CODE_SIGN_STYLE = Automatic;
				CURRENT_PROJECT_VERSION = 1;
				DEVELOPMENT_TEAM = BPWYRAF5X7;
				GENERATE_INFOPLIST_FILE = YES;
				INFOPLIST_FILE = NewsCartServiceExtension/Info.plist;
				INFOPLIST_KEY_CFBundleDisplayName = NewsCartServiceExtension;
				INFOPLIST_KEY_NSHumanReadableCopyright = "";
				IPHONEOS_DEPLOYMENT_TARGET = 15.4;
				LD_RUNPATH_SEARCH_PATHS = (
					"$(inherited)",
					"@executable_path/Frameworks",
					"@executable_path/../../Frameworks",
				);
				MARKETING_VERSION = 1.0;
				PRODUCT_BUNDLE_IDENTIFIER = com.Uday.NewsCart.NewsCartExtension;
				PRODUCT_NAME = "$(TARGET_NAME)";
				SKIP_INSTALL = YES;
				SWIFT_EMIT_LOC_STRINGS = YES;
				SWIFT_VERSION = 5.0;
				TARGETED_DEVICE_FAMILY = "1,2";
			};
			name = Release;
		};
		780145A42A7B7B1600844EBC /* Debug */ = {
			isa = XCBuildConfiguration;
			baseConfigurationReference = D639A19F40D5B4D8EF13258D /* Pods-NewsCartContentExtension.debug.xcconfig */;
			buildSettings = {
				CODE_SIGN_ENTITLEMENTS = NewsCartContentExtension/NewsCartContentExtensionDebug.entitlements;
				CODE_SIGN_STYLE = Automatic;
				CURRENT_PROJECT_VERSION = 1;
				DEVELOPMENT_TEAM = BPWYRAF5X7;
				GENERATE_INFOPLIST_FILE = YES;
				INFOPLIST_FILE = NewsCartContentExtension/Info.plist;
				INFOPLIST_KEY_CFBundleDisplayName = NewsCartContentExtension;
				INFOPLIST_KEY_NSHumanReadableCopyright = "";
				IPHONEOS_DEPLOYMENT_TARGET = 15.4;
				LD_RUNPATH_SEARCH_PATHS = (
					"$(inherited)",
					"@executable_path/Frameworks",
					"@executable_path/../../Frameworks",
				);
				MARKETING_VERSION = 1.0;
				PRODUCT_BUNDLE_IDENTIFIER = com.Uday.NewsCart.NewsCartContentExtension;
				PRODUCT_NAME = "$(TARGET_NAME)";
				SKIP_INSTALL = YES;
				SWIFT_EMIT_LOC_STRINGS = YES;
				SWIFT_VERSION = 5.0;
				TARGETED_DEVICE_FAMILY = "1,2";
			};
			name = Debug;
		};
		780145A52A7B7B1600844EBC /* Release */ = {
			isa = XCBuildConfiguration;
			baseConfigurationReference = 5828CD2090B1013DA4799D3B /* Pods-NewsCartContentExtension.release.xcconfig */;
			buildSettings = {
				CODE_SIGN_STYLE = Automatic;
				CURRENT_PROJECT_VERSION = 1;
				DEVELOPMENT_TEAM = BPWYRAF5X7;
				GENERATE_INFOPLIST_FILE = YES;
				INFOPLIST_FILE = NewsCartContentExtension/Info.plist;
				INFOPLIST_KEY_CFBundleDisplayName = NewsCartContentExtension;
				INFOPLIST_KEY_NSHumanReadableCopyright = "";
				IPHONEOS_DEPLOYMENT_TARGET = 15.4;
				LD_RUNPATH_SEARCH_PATHS = (
					"$(inherited)",
					"@executable_path/Frameworks",
					"@executable_path/../../Frameworks",
				);
				MARKETING_VERSION = 1.0;
				PRODUCT_BUNDLE_IDENTIFIER = com.Uday.NewsCart.NewsCartContentExtension;
				PRODUCT_NAME = "$(TARGET_NAME)";
				SKIP_INSTALL = YES;
				SWIFT_EMIT_LOC_STRINGS = YES;
				SWIFT_VERSION = 5.0;
				TARGETED_DEVICE_FAMILY = "1,2";
			};
			name = Release;
		};
		789267482A6115B600959887 /* Debug */ = {
			isa = XCBuildConfiguration;
			buildSettings = {
				ALWAYS_SEARCH_USER_PATHS = NO;
				CLANG_ANALYZER_NONNULL = YES;
				CLANG_ANALYZER_NUMBER_OBJECT_CONVERSION = YES_AGGRESSIVE;
				CLANG_CXX_LANGUAGE_STANDARD = "gnu++20";
				CLANG_ENABLE_MODULES = YES;
				CLANG_ENABLE_OBJC_ARC = YES;
				CLANG_ENABLE_OBJC_WEAK = YES;
				CLANG_WARN_BLOCK_CAPTURE_AUTORELEASING = YES;
				CLANG_WARN_BOOL_CONVERSION = YES;
				CLANG_WARN_COMMA = YES;
				CLANG_WARN_CONSTANT_CONVERSION = YES;
				CLANG_WARN_DEPRECATED_OBJC_IMPLEMENTATIONS = YES;
				CLANG_WARN_DIRECT_OBJC_ISA_USAGE = YES_ERROR;
				CLANG_WARN_DOCUMENTATION_COMMENTS = YES;
				CLANG_WARN_EMPTY_BODY = YES;
				CLANG_WARN_ENUM_CONVERSION = YES;
				CLANG_WARN_INFINITE_RECURSION = YES;
				CLANG_WARN_INT_CONVERSION = YES;
				CLANG_WARN_NON_LITERAL_NULL_CONVERSION = YES;
				CLANG_WARN_OBJC_IMPLICIT_RETAIN_SELF = YES;
				CLANG_WARN_OBJC_LITERAL_CONVERSION = YES;
				CLANG_WARN_OBJC_ROOT_CLASS = YES_ERROR;
				CLANG_WARN_QUOTED_INCLUDE_IN_FRAMEWORK_HEADER = YES;
				CLANG_WARN_RANGE_LOOP_ANALYSIS = YES;
				CLANG_WARN_STRICT_PROTOTYPES = YES;
				CLANG_WARN_SUSPICIOUS_MOVE = YES;
				CLANG_WARN_UNGUARDED_AVAILABILITY = YES_AGGRESSIVE;
				CLANG_WARN_UNREACHABLE_CODE = YES;
				CLANG_WARN__DUPLICATE_METHOD_MATCH = YES;
				COPY_PHASE_STRIP = NO;
				DEBUG_INFORMATION_FORMAT = dwarf;
				ENABLE_STRICT_OBJC_MSGSEND = YES;
				ENABLE_TESTABILITY = YES;
				GCC_C_LANGUAGE_STANDARD = gnu11;
				GCC_DYNAMIC_NO_PIC = NO;
				GCC_NO_COMMON_BLOCKS = YES;
				GCC_OPTIMIZATION_LEVEL = 0;
				GCC_PREPROCESSOR_DEFINITIONS = (
					"DEBUG=1",
					"$(inherited)",
				);
				GCC_WARN_64_TO_32_BIT_CONVERSION = YES;
				GCC_WARN_ABOUT_RETURN_TYPE = YES_ERROR;
				GCC_WARN_UNDECLARED_SELECTOR = YES;
				GCC_WARN_UNINITIALIZED_AUTOS = YES_AGGRESSIVE;
				GCC_WARN_UNUSED_FUNCTION = YES;
				GCC_WARN_UNUSED_VARIABLE = YES;
				IPHONEOS_DEPLOYMENT_TARGET = 15.4;
				MTL_ENABLE_DEBUG_INFO = INCLUDE_SOURCE;
				MTL_FAST_MATH = YES;
				ONLY_ACTIVE_ARCH = YES;
				SDKROOT = iphoneos;
				SWIFT_ACTIVE_COMPILATION_CONDITIONS = DEBUG;
				SWIFT_OPTIMIZATION_LEVEL = "-Onone";
			};
			name = Debug;
		};
		789267492A6115B600959887 /* Release */ = {
			isa = XCBuildConfiguration;
			buildSettings = {
				ALWAYS_SEARCH_USER_PATHS = NO;
				CLANG_ANALYZER_NONNULL = YES;
				CLANG_ANALYZER_NUMBER_OBJECT_CONVERSION = YES_AGGRESSIVE;
				CLANG_CXX_LANGUAGE_STANDARD = "gnu++20";
				CLANG_ENABLE_MODULES = YES;
				CLANG_ENABLE_OBJC_ARC = YES;
				CLANG_ENABLE_OBJC_WEAK = YES;
				CLANG_WARN_BLOCK_CAPTURE_AUTORELEASING = YES;
				CLANG_WARN_BOOL_CONVERSION = YES;
				CLANG_WARN_COMMA = YES;
				CLANG_WARN_CONSTANT_CONVERSION = YES;
				CLANG_WARN_DEPRECATED_OBJC_IMPLEMENTATIONS = YES;
				CLANG_WARN_DIRECT_OBJC_ISA_USAGE = YES_ERROR;
				CLANG_WARN_DOCUMENTATION_COMMENTS = YES;
				CLANG_WARN_EMPTY_BODY = YES;
				CLANG_WARN_ENUM_CONVERSION = YES;
				CLANG_WARN_INFINITE_RECURSION = YES;
				CLANG_WARN_INT_CONVERSION = YES;
				CLANG_WARN_NON_LITERAL_NULL_CONVERSION = YES;
				CLANG_WARN_OBJC_IMPLICIT_RETAIN_SELF = YES;
				CLANG_WARN_OBJC_LITERAL_CONVERSION = YES;
				CLANG_WARN_OBJC_ROOT_CLASS = YES_ERROR;
				CLANG_WARN_QUOTED_INCLUDE_IN_FRAMEWORK_HEADER = YES;
				CLANG_WARN_RANGE_LOOP_ANALYSIS = YES;
				CLANG_WARN_STRICT_PROTOTYPES = YES;
				CLANG_WARN_SUSPICIOUS_MOVE = YES;
				CLANG_WARN_UNGUARDED_AVAILABILITY = YES_AGGRESSIVE;
				CLANG_WARN_UNREACHABLE_CODE = YES;
				CLANG_WARN__DUPLICATE_METHOD_MATCH = YES;
				COPY_PHASE_STRIP = NO;
				DEBUG_INFORMATION_FORMAT = "dwarf-with-dsym";
				ENABLE_NS_ASSERTIONS = NO;
				ENABLE_STRICT_OBJC_MSGSEND = YES;
				GCC_C_LANGUAGE_STANDARD = gnu11;
				GCC_NO_COMMON_BLOCKS = YES;
				GCC_WARN_64_TO_32_BIT_CONVERSION = YES;
				GCC_WARN_ABOUT_RETURN_TYPE = YES_ERROR;
				GCC_WARN_UNDECLARED_SELECTOR = YES;
				GCC_WARN_UNINITIALIZED_AUTOS = YES_AGGRESSIVE;
				GCC_WARN_UNUSED_FUNCTION = YES;
				GCC_WARN_UNUSED_VARIABLE = YES;
				IPHONEOS_DEPLOYMENT_TARGET = 15.4;
				MTL_ENABLE_DEBUG_INFO = NO;
				MTL_FAST_MATH = YES;
				SDKROOT = iphoneos;
				SWIFT_COMPILATION_MODE = wholemodule;
				SWIFT_OPTIMIZATION_LEVEL = "-O";
				VALIDATE_PRODUCT = YES;
			};
			name = Release;
		};
		7892674B2A6115B600959887 /* Debug */ = {
			isa = XCBuildConfiguration;
			baseConfigurationReference = 664FE2B6A1047A8D94A08EF1 /* Pods-NewsCart.debug.xcconfig */;
			buildSettings = {
				ALWAYS_EMBED_SWIFT_STANDARD_LIBRARIES = YES;
				ASSETCATALOG_COMPILER_APPICON_NAME = AppIcon;
				ASSETCATALOG_COMPILER_GLOBAL_ACCENT_COLOR_NAME = AccentColor;
				CODE_SIGN_ENTITLEMENTS = NewsCart/NewsCartDebug.entitlements;
				CODE_SIGN_STYLE = Automatic;
				CURRENT_PROJECT_VERSION = 1;
				DEVELOPMENT_TEAM = BPWYRAF5X7;
				GENERATE_INFOPLIST_FILE = YES;
				INFOPLIST_FILE = NewsCart/Info.plist;
				INFOPLIST_KEY_NSLocationAlwaysAndWhenInUseUsageDescription = "GeoFence Push Notifications Testing";
				INFOPLIST_KEY_UIApplicationSupportsIndirectInputEvents = YES;
				INFOPLIST_KEY_UILaunchStoryboardName = LaunchScreen;
				INFOPLIST_KEY_UIMainStoryboardFile = Main;
				INFOPLIST_KEY_UISupportedInterfaceOrientations_iPad = "UIInterfaceOrientationPortrait UIInterfaceOrientationPortraitUpsideDown UIInterfaceOrientationLandscapeLeft UIInterfaceOrientationLandscapeRight";
				INFOPLIST_KEY_UISupportedInterfaceOrientations_iPhone = "UIInterfaceOrientationPortrait UIInterfaceOrientationLandscapeLeft UIInterfaceOrientationLandscapeRight";
				IPHONEOS_DEPLOYMENT_TARGET = 15.4;
				LD_RUNPATH_SEARCH_PATHS = (
					"$(inherited)",
					"@executable_path/Frameworks",
				);
				MARKETING_VERSION = 1.0;
				"OTHER_SWIFT_FLAGS[arch=*]" = "-DDEBUG";
				PRODUCT_BUNDLE_IDENTIFIER = com.Uday.NewsCart;
				PRODUCT_NAME = "$(TARGET_NAME)";
				SWIFT_EMIT_LOC_STRINGS = YES;
				SWIFT_VERSION = 5.0;
				TARGETED_DEVICE_FAMILY = "1,2";
			};
			name = Debug;
		};
		7892674C2A6115B600959887 /* Release */ = {
			isa = XCBuildConfiguration;
			baseConfigurationReference = D507D4F704BB62ADB1A396A4 /* Pods-NewsCart.release.xcconfig */;
			buildSettings = {
				ALWAYS_EMBED_SWIFT_STANDARD_LIBRARIES = YES;
				ASSETCATALOG_COMPILER_APPICON_NAME = AppIcon;
				ASSETCATALOG_COMPILER_GLOBAL_ACCENT_COLOR_NAME = AccentColor;
				CODE_SIGN_ENTITLEMENTS = NewsCart/NewsCart.entitlements;
				CODE_SIGN_STYLE = Automatic;
				CURRENT_PROJECT_VERSION = 1;
				DEVELOPMENT_TEAM = BPWYRAF5X7;
				GENERATE_INFOPLIST_FILE = YES;
				INFOPLIST_FILE = NewsCart/Info.plist;
				INFOPLIST_KEY_NSLocationAlwaysAndWhenInUseUsageDescription = "GeoFence Push Notifications Testing";
				INFOPLIST_KEY_UIApplicationSupportsIndirectInputEvents = YES;
				INFOPLIST_KEY_UILaunchStoryboardName = LaunchScreen;
				INFOPLIST_KEY_UIMainStoryboardFile = Main;
				INFOPLIST_KEY_UISupportedInterfaceOrientations_iPad = "UIInterfaceOrientationPortrait UIInterfaceOrientationPortraitUpsideDown UIInterfaceOrientationLandscapeLeft UIInterfaceOrientationLandscapeRight";
				INFOPLIST_KEY_UISupportedInterfaceOrientations_iPhone = "UIInterfaceOrientationPortrait UIInterfaceOrientationLandscapeLeft UIInterfaceOrientationLandscapeRight";
				IPHONEOS_DEPLOYMENT_TARGET = 15.4;
				LD_RUNPATH_SEARCH_PATHS = (
					"$(inherited)",
					"@executable_path/Frameworks",
				);
				MARKETING_VERSION = 1.0;
				PRODUCT_BUNDLE_IDENTIFIER = com.Uday.NewsCart;
				PRODUCT_NAME = "$(TARGET_NAME)";
				SWIFT_EMIT_LOC_STRINGS = YES;
				SWIFT_VERSION = 5.0;
				TARGETED_DEVICE_FAMILY = "1,2";
			};
			name = Release;
		};
/* End XCBuildConfiguration section */

/* Begin XCConfigurationList section */
		7801458D2A7A550E00844EBC /* Build configuration list for PBXNativeTarget "NewsCartServiceExtension" */ = {
			isa = XCConfigurationList;
			buildConfigurations = (
				7801458B2A7A550E00844EBC /* Debug */,
				7801458C2A7A550E00844EBC /* Release */,
			);
			defaultConfigurationIsVisible = 0;
			defaultConfigurationName = Release;
		};
		780145A32A7B7B1600844EBC /* Build configuration list for PBXNativeTarget "NewsCartContentExtension" */ = {
			isa = XCConfigurationList;
			buildConfigurations = (
				780145A42A7B7B1600844EBC /* Debug */,
				780145A52A7B7B1600844EBC /* Release */,
			);
			defaultConfigurationIsVisible = 0;
			defaultConfigurationName = Release;
		};
		7892672E2A6115B300959887 /* Build configuration list for PBXProject "NewsCart" */ = {
			isa = XCConfigurationList;
			buildConfigurations = (
				789267482A6115B600959887 /* Debug */,
				789267492A6115B600959887 /* Release */,
			);
			defaultConfigurationIsVisible = 0;
			defaultConfigurationName = Release;
		};
		7892674A2A6115B600959887 /* Build configuration list for PBXNativeTarget "NewsCart" */ = {
			isa = XCConfigurationList;
			buildConfigurations = (
				7892674B2A6115B600959887 /* Debug */,
				7892674C2A6115B600959887 /* Release */,
			);
			defaultConfigurationIsVisible = 0;
			defaultConfigurationName = Release;
		};
/* End XCConfigurationList section */

/* Begin XCRemoteSwiftPackageReference section */
		7848B4F82AA5F4A2008613B8 /* XCRemoteSwiftPackageReference "FileManagementSDK" */ = {
			isa = XCRemoteSwiftPackageReference;
			repositoryURL = "https://github.com/Uday-SDE-intern/FileManagementSDK.git";
			requirement = {
				branch = main;
				kind = branch;
			};
		};
/* End XCRemoteSwiftPackageReference section */

/* Begin XCSwiftPackageProductDependency section */
		7848B4F92AA5F4A2008613B8 /* FileManagementSDK */ = {
			isa = XCSwiftPackageProductDependency;
			package = 7848B4F82AA5F4A2008613B8 /* XCRemoteSwiftPackageReference "FileManagementSDK" */;
			productName = FileManagementSDK;
		};
/* End XCSwiftPackageProductDependency section */

/* Begin XCVersionGroup section */
		78939D742A66497600BDDD23 /* NewsCart.xcdatamodeld */ = {
			isa = XCVersionGroup;
			children = (
				78939D752A66497600BDDD23 /* NewsCart.xcdatamodel */,
			);
			currentVersion = 78939D752A66497600BDDD23 /* NewsCart.xcdatamodel */;
			path = NewsCart.xcdatamodeld;
			sourceTree = "<group>";
			versionGroupType = wrapper.xcdatamodel;
		};
/* End XCVersionGroup section */
	};
	rootObject = 7892672B2A6115B300959887 /* Project object */;
}
