{
  "pins" : [
    {
      "identity" : "filemanagementsdk",
      "kind" : "remoteSourceControl",
      "location" : "https://github.com/Uday-SDE-intern/FileManagementSDK.git",
      "state" : {
        "branch" : "main",
        "revision" : "7aee149c7faf24cbcd6a86af0bc2de5c2e97a013"
      }
    }
  ],
  "version" : 2
}
